
Microsoft Visual Studio Solution File, Format Version 12.00
# Visual Studio Version 16
VisualStudioVersion = 16.0.30803.129
MinimumVisualStudioVersion = 10.0.40219.1
Project("{9A19103F-16F7-4668-BE54-9A1E7A4F7556}") = "ApiChat.Web.Auth", "ApiChat.Web.Auth\ApiChat.Web.Auth.csproj", "{D1185218-7774-4703-916B-76BCFF7CC33D}"
EndProject
Global
	GlobalSection(SolutionConfigurationPlatforms) = preSolution
		Debug|Any CPU = Debug|Any CPU
		Release|Any CPU = Release|Any CPU
	EndGlobalSection
	GlobalSection(ProjectConfigurationPlatforms) = postSolution
		{D1185218-7774-4703-916B-76BCFF7CC33D}.Debug|Any CPU.ActiveCfg = Debug|Any CPU
		{D1185218-7774-4703-916B-76BCFF7CC33D}.Debug|Any CPU.Build.0 = Debug|Any CPU
		{D1185218-7774-4703-916B-76BCFF7CC33D}.Release|Any CPU.ActiveCfg = Release|Any CPU
		{D1185218-7774-4703-916B-76BCFF7CC33D}.Release|Any CPU.Build.0 = Release|Any CPU
	EndGlobalSection
	GlobalSection(SolutionProperties) = preSolution
		HideSolutionNode = FALSE
	EndGlobalSection
	GlobalSection(ExtensibilityGlobals) = postSolution
		SolutionGuid = {C4827ACC-0206-4415-B1D4-CA597D9D440D}
	EndGlobalSection
EndGlobal
